
Microsoft Visual Studio Solution File, Format Version 12.00
# Visual Studio Version 17
VisualStudioVersion = 17.9.34622.214
MinimumVisualStudioVersion = 10.0.40219.1
Project("{9A19103F-16F7-4668-BE54-9A1E7A4F7556}") = "WorkoutApp", "WorkoutApp.csproj", "{904BD252-7FDF-4B40-BF70-3985C90DB55F}"
EndProject
Project("{FAE04EC0-301F-11D3-BF4B-00C04F79EFBC}") = "workoutTimer", "..\workoutTimer\workoutTimer\workoutTimer.csproj", "{837D9348-EA7C-41B9-892D-274BE671CDE5}"
EndProject
Global
	GlobalSection(SolutionConfigurationPlatforms) = preSolution
		Debug|Any CPU = Debug|Any CPU
		Release|Any CPU = Release|Any CPU
	EndGlobalSection
	GlobalSection(ProjectConfigurationPlatforms) = postSolution
		{904BD252-7FDF-4B40-BF70-3985C90DB55F}.Debug|Any CPU.ActiveCfg = Debug|Any CPU
		{904BD252-7FDF-4B40-BF70-3985C90DB55F}.Debug|Any CPU.Build.0 = Debug|Any CPU
		{904BD252-7FDF-4B40-BF70-3985C90DB55F}.Debug|Any CPU.Deploy.0 = Debug|Any CPU
		{904BD252-7FDF-4B40-BF70-3985C90DB55F}.Release|Any CPU.ActiveCfg = Release|Any CPU
		{904BD252-7FDF-4B40-BF70-3985C90DB55F}.Release|Any CPU.Build.0 = Release|Any CPU
		{904BD252-7FDF-4B40-BF70-3985C90DB55F}.Release|Any CPU.Deploy.0 = Release|Any CPU
		{837D9348-EA7C-41B9-892D-274BE671CDE5}.Debug|Any CPU.ActiveCfg = Debug|Any CPU
		{837D9348-EA7C-41B9-892D-274BE671CDE5}.Debug|Any CPU.Build.0 = Debug|Any CPU
		{837D9348-EA7C-41B9-892D-274BE671CDE5}.Release|Any CPU.ActiveCfg = Release|Any CPU
		{837D9348-EA7C-41B9-892D-274BE671CDE5}.Release|Any CPU.Build.0 = Release|Any CPU
	EndGlobalSection
	GlobalSection(SolutionProperties) = preSolution
		HideSolutionNode = FALSE
	EndGlobalSection
	GlobalSection(ExtensibilityGlobals) = postSolution
		SolutionGuid = {72B05A62-0DED-408D-8BBE-6D69048FB1C1}
	EndGlobalSection
EndGlobal
